# This file is auto-generated by tya install. Do not edit manually.
version = 1

[[package]]
name = "gtk4"
version = "0.1.0"
source = "git"
git = "https://github.com/komagata/tya-gtk4"
rev = "c98d285a1cd1fc89ac92c95dbada50dffcdd7fb3"
checksum = "sha256:58b1c6da95381c367e7598d142bee33bf07511b399d1630e8a5cfbbfb2eef0ef"
dependencies = []
